
Microsoft Visual Studio Solution File, Format Version 11.00
# Visual Studio 2010
Project("{FAE04EC0-301F-11D3-BF4B-00C04F79EFBC}") = "Assembly-CSharp", "Assembly-CSharp.csproj", "{0d43ac3d-a605-15c0-444d-2806f32296ea}"
EndProject
Project("{FAE04EC0-301F-11D3-BF4B-00C04F79EFBC}") = "Assembly-CSharp-Editor", "Assembly-CSharp-Editor.csproj", "{e994c629-f6d4-ec3e-a631-37821df16efd}"
EndProject
Global
	GlobalSection(SolutionConfigurationPlatforms) = preSolution
		Debug|Any CPU = Debug|Any CPU
	EndGlobalSection
	GlobalSection(ProjectConfigurationPlatforms) = postSolution
		{0d43ac3d-a605-15c0-444d-2806f32296ea}.Debug|Any CPU.ActiveCfg = Debug|Any CPU
		{0d43ac3d-a605-15c0-444d-2806f32296ea}.Debug|Any CPU.Build.0 = Debug|Any CPU
		{e994c629-f6d4-ec3e-a631-37821df16efd}.Debug|Any CPU.ActiveCfg = Debug|Any CPU
		{e994c629-f6d4-ec3e-a631-37821df16efd}.Debug|Any CPU.Build.0 = Debug|Any CPU
	EndGlobalSection
	GlobalSection(SolutionProperties) = preSolution
		HideSolutionNode = FALSE
	EndGlobalSection
EndGlobal
